
Microsoft Visual Studio Solution File, Format Version 12.00
# Visual Studio Version 17
VisualStudioVersion = 17.5.33516.290
MinimumVisualStudioVersion = 10.0.40219.1
Project("{FAE04EC0-301F-11D3-BF4B-00C04F79EFBC}") = "User Registration", "User Registration\User Registration.csproj", "{F32DD414-DAA0-4B99-9E46-B601A6F4C02C}"
EndProject
Global
	GlobalSection(SolutionConfigurationPlatforms) = preSolution
		Debug|Any CPU = Debug|Any CPU
		Release|Any CPU = Release|Any CPU
	EndGlobalSection
	GlobalSection(ProjectConfigurationPlatforms) = postSolution
		{F32DD414-DAA0-4B99-9E46-B601A6F4C02C}.Debug|Any CPU.ActiveCfg = Debug|Any CPU
		{F32DD414-DAA0-4B99-9E46-B601A6F4C02C}.Debug|Any CPU.Build.0 = Debug|Any CPU
		{F32DD414-DAA0-4B99-9E46-B601A6F4C02C}.Release|Any CPU.ActiveCfg = Release|Any CPU
		{F32DD414-DAA0-4B99-9E46-B601A6F4C02C}.Release|Any CPU.Build.0 = Release|Any CPU
	EndGlobalSection
	GlobalSection(SolutionProperties) = preSolution
		HideSolutionNode = FALSE
	EndGlobalSection
	GlobalSection(ExtensibilityGlobals) = postSolution
		SolutionGuid = {D40C7273-0C76-4BB9-B58B-2498A387810B}
	EndGlobalSection
EndGlobal
